
Microsoft Visual Studio Solution File, Format Version 12.00
# Visual Studio Version 16
VisualStudioVersion = 16.0.30204.135
MinimumVisualStudioVersion = 10.0.40219.1
Project("{FAE04EC0-301F-11D3-BF4B-00C04F79EFBC}") = "WindowsForms", "WindowsForms.csproj", "{0EE3BAC5-6714-42A7-AE61-8CA8A79AEFC1}"
EndProject
Global
	GlobalSection(SolutionConfigurationPlatforms) = preSolution
		Debug|Any CPU = Debug|Any CPU
		Release|Any CPU = Release|Any CPU
	EndGlobalSection
	GlobalSection(ProjectConfigurationPlatforms) = postSolution
		{0EE3BAC5-6714-42A7-AE61-8CA8A79AEFC1}.Debug|Any CPU.ActiveCfg = Debug|Any CPU
		{0EE3BAC5-6714-42A7-AE61-8CA8A79AEFC1}.Debug|Any CPU.Build.0 = Debug|Any CPU
		{0EE3BAC5-6714-42A7-AE61-8CA8A79AEFC1}.Release|Any CPU.ActiveCfg = Release|Any CPU
		{0EE3BAC5-6714-42A7-AE61-8CA8A79AEFC1}.Release|Any CPU.Build.0 = Release|Any CPU
	EndGlobalSection
	GlobalSection(SolutionProperties) = preSolution
		HideSolutionNode = FALSE
	EndGlobalSection
	GlobalSection(ExtensibilityGlobals) = postSolution
		SolutionGuid = {37CA1AAA-1591-4389-A46A-3CBEEB967736}
	EndGlobalSection
EndGlobal
